
Microsoft Visual Studio Solution File, Format Version 12.00
# Visual Studio Version 17
VisualStudioVersion = 17.4.33213.308
MinimumVisualStudioVersion = 10.0.40219.1
Project("{FAE04EC0-301F-11D3-BF4B-00C04F79EFBC}") = "COMStub", "COMStub.csproj", "{FF2E2B98-FE5E-4B50-9580-113C8DC384A4}"
EndProject
Global
	GlobalSection(SolutionConfigurationPlatforms) = preSolution
		Debug|Any CPU = Debug|Any CPU
		Release|Any CPU = Release|Any CPU
	EndGlobalSection
	GlobalSection(ProjectConfigurationPlatforms) = postSolution
		{FF2E2B98-FE5E-4B50-9580-113C8DC384A4}.Debug|Any CPU.ActiveCfg = Debug|Any CPU
		{FF2E2B98-FE5E-4B50-9580-113C8DC384A4}.Debug|Any CPU.Build.0 = Debug|Any CPU
		{FF2E2B98-FE5E-4B50-9580-113C8DC384A4}.Release|Any CPU.ActiveCfg = Release|Any CPU
		{FF2E2B98-FE5E-4B50-9580-113C8DC384A4}.Release|Any CPU.Build.0 = Release|Any CPU
	EndGlobalSection
	GlobalSection(SolutionProperties) = preSolution
		HideSolutionNode = FALSE
	EndGlobalSection
	GlobalSection(ExtensibilityGlobals) = postSolution
		SolutionGuid = {F55062EC-EA7D-4504-986F-E8FC3CE833FA}
	EndGlobalSection
EndGlobal
